
Microsoft Visual Studio Solution File, Format Version 12.00
# Visual Studio 15
VisualStudioVersion = 15.0.27004.2009
MinimumVisualStudioVersion = 10.0.40219.1
Project("{FAE04EC0-301F-11D3-BF4B-00C04F79EFBC}") = "CSharpFundamentalsPart2.Exercises.ArraysAndLists(VI-55)", "CSharpFundamentalsPart2.Exercises.ArraysAndLists(VI-55)\CSharpFundamentalsPart2.Exercises.ArraysAndLists(VI-55).csproj", "{0ECA9584-FD55-4B0F-8094-5C04EB096779}"
EndProject
Global
	GlobalSection(SolutionConfigurationPlatforms) = preSolution
		Debug|Any CPU = Debug|Any CPU
		Release|Any CPU = Release|Any CPU
	EndGlobalSection
	GlobalSection(ProjectConfigurationPlatforms) = postSolution
		{0ECA9584-FD55-4B0F-8094-5C04EB096779}.Debug|Any CPU.ActiveCfg = Debug|Any CPU
		{0ECA9584-FD55-4B0F-8094-5C04EB096779}.Debug|Any CPU.Build.0 = Debug|Any CPU
		{0ECA9584-FD55-4B0F-8094-5C04EB096779}.Release|Any CPU.ActiveCfg = Release|Any CPU
		{0ECA9584-FD55-4B0F-8094-5C04EB096779}.Release|Any CPU.Build.0 = Release|Any CPU
	EndGlobalSection
	GlobalSection(SolutionProperties) = preSolution
		HideSolutionNode = FALSE
	EndGlobalSection
	GlobalSection(ExtensibilityGlobals) = postSolution
		SolutionGuid = {10AE2829-ADAA-4BA4-927D-E60346CF1304}
	EndGlobalSection
EndGlobal
